Microsoft Visual Studio Solution File, Format Version 12.00
# Visual Studio 2012
Project("{FAE04EC0-301F-11D3-BF4B-00C04F79EFBC}") = "test", "test.csproj", "{CAD8C7AF-0D94-429E-A15A-341973600F3E}"
EndProject
Global
	GlobalSection(SolutionConfigurationPlatforms) = preSolution
	Debug|Any CPU = Debug|Any CPU
	ExportDebug|Any CPU = ExportDebug|Any CPU
	ExportRelease|Any CPU = ExportRelease|Any CPU
	EndGlobalSection
	GlobalSection(ProjectConfigurationPlatforms) = postSolution
		{CAD8C7AF-0D94-429E-A15A-341973600F3E}.Debug|Any CPU.ActiveCfg = Debug|Any CPU
		{CAD8C7AF-0D94-429E-A15A-341973600F3E}.Debug|Any CPU.Build.0 = Debug|Any CPU
		{CAD8C7AF-0D94-429E-A15A-341973600F3E}.ExportDebug|Any CPU.ActiveCfg = ExportDebug|Any CPU
		{CAD8C7AF-0D94-429E-A15A-341973600F3E}.ExportDebug|Any CPU.Build.0 = ExportDebug|Any CPU
		{CAD8C7AF-0D94-429E-A15A-341973600F3E}.ExportRelease|Any CPU.ActiveCfg = ExportRelease|Any CPU
		{CAD8C7AF-0D94-429E-A15A-341973600F3E}.ExportRelease|Any CPU.Build.0 = ExportRelease|Any CPU
	EndGlobalSection
EndGlobal
